
Microsoft Visual Studio Solution File, Format Version 12.00
# Visual Studio Version 17
VisualStudioVersion = 17.13.35931.197 d17.13
MinimumVisualStudioVersion = 10.0.40219.1
Project("{FAE04EC0-301F-11D3-BF4B-00C04F79EFBC}") = "CMRS", "CMRS\CMRS.csproj", "{BB24679F-4D2A-4798-A13E-93B3336DAB5B}"
EndProject
Global
	GlobalSection(SolutionConfigurationPlatforms) = preSolution
		Debug|Any CPU = Debug|Any CPU
		Release|Any CPU = Release|Any CPU
	EndGlobalSection
	GlobalSection(ProjectConfigurationPlatforms) = postSolution
		{BB24679F-4D2A-4798-A13E-93B3336DAB5B}.Debug|Any CPU.ActiveCfg = Debug|Any CPU
		{BB24679F-4D2A-4798-A13E-93B3336DAB5B}.Debug|Any CPU.Build.0 = Debug|Any CPU
		{BB24679F-4D2A-4798-A13E-93B3336DAB5B}.Release|Any CPU.ActiveCfg = Release|Any CPU
		{BB24679F-4D2A-4798-A13E-93B3336DAB5B}.Release|Any CPU.Build.0 = Release|Any CPU
	EndGlobalSection
	GlobalSection(SolutionProperties) = preSolution
		HideSolutionNode = FALSE
	EndGlobalSection
	GlobalSection(ExtensibilityGlobals) = postSolution
		SolutionGuid = {278E259F-1302-44F9-BC2D-E687AA6A7ED6}
	EndGlobalSection
EndGlobal
